
Microsoft Visual Studio Solution File, Format Version 12.00
# Visual Studio Version 17
VisualStudioVersion = 17.2.32210.308
MinimumVisualStudioVersion = 10.0.40219.1
Project("{9A19103F-16F7-4668-BE54-9A1E7A4F7556}") = "Day00", "Day00\Day00.csproj", "{7D40EFCD-C018-481A-97B2-E60D36BF9EB2}"
EndProject
Project("{9A19103F-16F7-4668-BE54-9A1E7A4F7556}") = "Day01", "Day01\Day01.csproj", "{ACDD587F-8425-4751-BB2F-E59A32AE69B6}"
EndProject
Project("{9A19103F-16F7-4668-BE54-9A1E7A4F7556}") = "Day02", "Day02\Day02.csproj", "{8E3F645C-AD82-4DEE-8579-FD3C21A1DF04}"
EndProject
Project("{9A19103F-16F7-4668-BE54-9A1E7A4F7556}") = "Day03", "Day03\Day03.csproj", "{6D4E6B01-957A-4144-97F9-8615F76009E5}"
EndProject
Project("{9A19103F-16F7-4668-BE54-9A1E7A4F7556}") = "Day04", "Day04\Day04.csproj", "{BC9AB3F6-220C-4E46-A66B-46CF9E699B4C}"
EndProject
Project("{9A19103F-16F7-4668-BE54-9A1E7A4F7556}") = "Day05", "Day05\Day05.csproj", "{A18969E7-F3CB-41A5-B6C8-2DF450C50068}"
EndProject
Project("{9A19103F-16F7-4668-BE54-9A1E7A4F7556}") = "Day06", "Day06\Day06.csproj", "{14B0C1BF-5DD0-45FB-80ED-CA70FB0DB2AE}"
EndProject
Project("{9A19103F-16F7-4668-BE54-9A1E7A4F7556}") = "Day07", "Day07\Day07.csproj", "{E2D93D18-FC06-4F23-99C5-89EC07DBB14F}"
EndProject
Project("{9A19103F-16F7-4668-BE54-9A1E7A4F7556}") = "Day08", "Day08\Day08.csproj", "{CC169279-E177-4E26-9FD8-671316ADF208}"
EndProject
Project("{9A19103F-16F7-4668-BE54-9A1E7A4F7556}") = "Day09", "Day09\Day09.csproj", "{BD726ACF-BF7E-4D92-89B8-665CBE140928}"
EndProject
Project("{9A19103F-16F7-4668-BE54-9A1E7A4F7556}") = "Day10", "Day10\Day10.csproj", "{F92F2B68-0801-47FA-8157-AD27815D778D}"
EndProject
Project("{9A19103F-16F7-4668-BE54-9A1E7A4F7556}") = "Day11", "Day11\Day11.csproj", "{95777444-981A-46BB-9185-68C2A8F381C5}"
EndProject
Global
	GlobalSection(SolutionConfigurationPlatforms) = preSolution
		Debug|Any CPU = Debug|Any CPU
		Release|Any CPU = Release|Any CPU
	EndGlobalSection
	GlobalSection(ProjectConfigurationPlatforms) = postSolution
		{7D40EFCD-C018-481A-97B2-E60D36BF9EB2}.Debug|Any CPU.ActiveCfg = Debug|Any CPU
		{7D40EFCD-C018-481A-97B2-E60D36BF9EB2}.Debug|Any CPU.Build.0 = Debug|Any CPU
		{7D40EFCD-C018-481A-97B2-E60D36BF9EB2}.Release|Any CPU.ActiveCfg = Release|Any CPU
		{7D40EFCD-C018-481A-97B2-E60D36BF9EB2}.Release|Any CPU.Build.0 = Release|Any CPU
		{ACDD587F-8425-4751-BB2F-E59A32AE69B6}.Debug|Any CPU.ActiveCfg = Debug|Any CPU
		{ACDD587F-8425-4751-BB2F-E59A32AE69B6}.Debug|Any CPU.Build.0 = Debug|Any CPU
		{ACDD587F-8425-4751-BB2F-E59A32AE69B6}.Release|Any CPU.ActiveCfg = Release|Any CPU
		{ACDD587F-8425-4751-BB2F-E59A32AE69B6}.Release|Any CPU.Build.0 = Release|Any CPU
		{8E3F645C-AD82-4DEE-8579-FD3C21A1DF04}.Debug|Any CPU.ActiveCfg = Debug|Any CPU
		{8E3F645C-AD82-4DEE-8579-FD3C21A1DF04}.Debug|Any CPU.Build.0 = Debug|Any CPU
		{8E3F645C-AD82-4DEE-8579-FD3C21A1DF04}.Release|Any CPU.ActiveCfg = Release|Any CPU
		{8E3F645C-AD82-4DEE-8579-FD3C21A1DF04}.Release|Any CPU.Build.0 = Release|Any CPU
		{6D4E6B01-957A-4144-97F9-8615F76009E5}.Debug|Any CPU.ActiveCfg = Debug|Any CPU
		{6D4E6B01-957A-4144-97F9-8615F76009E5}.Debug|Any CPU.Build.0 = Debug|Any CPU
		{6D4E6B01-957A-4144-97F9-8615F76009E5}.Release|Any CPU.ActiveCfg = Release|Any CPU
		{6D4E6B01-957A-4144-97F9-8615F76009E5}.Release|Any CPU.Build.0 = Release|Any CPU
		{BC9AB3F6-220C-4E46-A66B-46CF9E699B4C}.Debug|Any CPU.ActiveCfg = Debug|Any CPU
		{BC9AB3F6-220C-4E46-A66B-46CF9E699B4C}.Debug|Any CPU.Build.0 = Debug|Any CPU
		{BC9AB3F6-220C-4E46-A66B-46CF9E699B4C}.Release|Any CPU.ActiveCfg = Release|Any CPU
		{BC9AB3F6-220C-4E46-A66B-46CF9E699B4C}.Release|Any CPU.Build.0 = Release|Any CPU
		{A18969E7-F3CB-41A5-B6C8-2DF450C50068}.Debug|Any CPU.ActiveCfg = Debug|Any CPU
		{A18969E7-F3CB-41A5-B6C8-2DF450C50068}.Debug|Any CPU.Build.0 = Debug|Any CPU
		{A18969E7-F3CB-41A5-B6C8-2DF450C50068}.Release|Any CPU.ActiveCfg = Release|Any CPU
		{A18969E7-F3CB-41A5-B6C8-2DF450C50068}.Release|Any CPU.Build.0 = Release|Any CPU
		{14B0C1BF-5DD0-45FB-80ED-CA70FB0DB2AE}.Debug|Any CPU.ActiveCfg = Debug|Any CPU
		{14B0C1BF-5DD0-45FB-80ED-CA70FB0DB2AE}.Debug|Any CPU.Build.0 = Debug|Any CPU
		{14B0C1BF-5DD0-45FB-80ED-CA70FB0DB2AE}.Release|Any CPU.ActiveCfg = Release|Any CPU
		{14B0C1BF-5DD0-45FB-80ED-CA70FB0DB2AE}.Release|Any CPU.Build.0 = Release|Any CPU
		{E2D93D18-FC06-4F23-99C5-89EC07DBB14F}.Debug|Any CPU.ActiveCfg = Debug|Any CPU
		{E2D93D18-FC06-4F23-99C5-89EC07DBB14F}.Debug|Any CPU.Build.0 = Debug|Any CPU
		{E2D93D18-FC06-4F23-99C5-89EC07DBB14F}.Release|Any CPU.ActiveCfg = Release|Any CPU
		{E2D93D18-FC06-4F23-99C5-89EC07DBB14F}.Release|Any CPU.Build.0 = Release|Any CPU
		{CC169279-E177-4E26-9FD8-671316ADF208}.Debug|Any CPU.ActiveCfg = Debug|Any CPU
		{CC169279-E177-4E26-9FD8-671316ADF208}.Debug|Any CPU.Build.0 = Debug|Any CPU
		{CC169279-E177-4E26-9FD8-671316ADF208}.Release|Any CPU.ActiveCfg = Release|Any CPU
		{CC169279-E177-4E26-9FD8-671316ADF208}.Release|Any CPU.Build.0 = Release|Any CPU
		{BD726ACF-BF7E-4D92-89B8-665CBE140928}.Debug|Any CPU.ActiveCfg = Debug|Any CPU
		{BD726ACF-BF7E-4D92-89B8-665CBE140928}.Debug|Any CPU.Build.0 = Debug|Any CPU
		{BD726ACF-BF7E-4D92-89B8-665CBE140928}.Release|Any CPU.ActiveCfg = Release|Any CPU
		{BD726ACF-BF7E-4D92-89B8-665CBE140928}.Release|Any CPU.Build.0 = Release|Any CPU
		{F92F2B68-0801-47FA-8157-AD27815D778D}.Debug|Any CPU.ActiveCfg = Debug|Any CPU
		{F92F2B68-0801-47FA-8157-AD27815D778D}.Debug|Any CPU.Build.0 = Debug|Any CPU
		{F92F2B68-0801-47FA-8157-AD27815D778D}.Release|Any CPU.ActiveCfg = Release|Any CPU
		{F92F2B68-0801-47FA-8157-AD27815D778D}.Release|Any CPU.Build.0 = Release|Any CPU
		{95777444-981A-46BB-9185-68C2A8F381C5}.Debug|Any CPU.ActiveCfg = Debug|Any CPU
		{95777444-981A-46BB-9185-68C2A8F381C5}.Debug|Any CPU.Build.0 = Debug|Any CPU
		{95777444-981A-46BB-9185-68C2A8F381C5}.Release|Any CPU.ActiveCfg = Release|Any CPU
		{95777444-981A-46BB-9185-68C2A8F381C5}.Release|Any CPU.Build.0 = Release|Any CPU
	EndGlobalSection
	GlobalSection(SolutionProperties) = preSolution
		HideSolutionNode = FALSE
	EndGlobalSection
	GlobalSection(ExtensibilityGlobals) = postSolution
		SolutionGuid = {311FAADE-4991-4CEB-97A5-B9078D1B5322}
	EndGlobalSection
EndGlobal
